
Microsoft Visual Studio Solution File, Format Version 12.00
# Visual Studio Version 16
VisualStudioVersion = 16.0.29709.97
MinimumVisualStudioVersion = 10.0.40219.1
Project("{9A19103F-16F7-4668-BE54-9A1E7A4F7556}") = "Simple.Game.Abstract", "Simple.Game.Abstract\Simple.Game.Abstract.csproj", "{071E965F-996F-4B02-973C-3E1B377BD2F7}"
EndProject
Project("{9A19103F-16F7-4668-BE54-9A1E7A4F7556}") = "Simple.Game.Contract", "Simple.Game.Contract\Simple.Game.Contract.csproj", "{29537DBA-48B0-4502-A29A-37237F9BFCC7}"
EndProject
Project("{9A19103F-16F7-4668-BE54-9A1E7A4F7556}") = "Simple.Game.Data", "Simple.Game.Data\Simple.Game.Data.csproj", "{859C5EED-38D1-4DA3-920C-912BFCD0E208}"
EndProject
Project("{9A19103F-16F7-4668-BE54-9A1E7A4F7556}") = "Simple.Game.Domain", "Simple.Game.Domain\Simple.Game.Domain.csproj", "{01CA8C56-68AC-462A-971B-9D812A6EBB0A}"
EndProject
Project("{9A19103F-16F7-4668-BE54-9A1E7A4F7556}") = "Simple.Game.Services", "Simple.Game.Services\Simple.Game.Services.csproj", "{56FEBC65-9F60-4CD6-A013-AECE25E01261}"
EndProject
Project("{9A19103F-16F7-4668-BE54-9A1E7A4F7556}") = "Simple.Game.Utils", "Simple.Game.Utils\Simple.Game.Utils.csproj", "{2981F212-1D26-4699-97F2-FB8F966F3FFB}"
EndProject
Project("{9A19103F-16F7-4668-BE54-9A1E7A4F7556}") = "Simple.Game.WebApi", "Simble.Game.WebApi\Simple.Game.WebApi.csproj", "{CC32FC18-430F-4612-9783-B070BA43E7B7}"
EndProject
Project("{2150E333-8FDC-42A3-9474-1A3956D46DE8}") = "Tests", "Tests", "{50B57EA7-76E7-477E-B6B5-329A9BD2CA6F}"
EndProject
Project("{9A19103F-16F7-4668-BE54-9A1E7A4F7556}") = "Simple.Game.Tests", "Simple.Game.Tests\Simple.Game.Tests.csproj", "{7456918C-8CDC-4DFE-A9C6-004A6288D2FE}"
EndProject
Project("{2150E333-8FDC-42A3-9474-1A3956D46DE8}") = "_UsefullFiles", "_UsefullFiles", "{9DEFCFBC-739C-4286-9C2C-64CA03136839}"
	ProjectSection(SolutionItems) = preProject
		DevInfo.txt = DevInfo.txt
	EndProjectSection
EndProject
Global
	GlobalSection(SolutionConfigurationPlatforms) = preSolution
		Debug|Any CPU = Debug|Any CPU
		Release|Any CPU = Release|Any CPU
	EndGlobalSection
	GlobalSection(ProjectConfigurationPlatforms) = postSolution
		{071E965F-996F-4B02-973C-3E1B377BD2F7}.Debug|Any CPU.ActiveCfg = Debug|Any CPU
		{071E965F-996F-4B02-973C-3E1B377BD2F7}.Debug|Any CPU.Build.0 = Debug|Any CPU
		{071E965F-996F-4B02-973C-3E1B377BD2F7}.Release|Any CPU.ActiveCfg = Release|Any CPU
		{071E965F-996F-4B02-973C-3E1B377BD2F7}.Release|Any CPU.Build.0 = Release|Any CPU
		{29537DBA-48B0-4502-A29A-37237F9BFCC7}.Debug|Any CPU.ActiveCfg = Debug|Any CPU
		{29537DBA-48B0-4502-A29A-37237F9BFCC7}.Debug|Any CPU.Build.0 = Debug|Any CPU
		{29537DBA-48B0-4502-A29A-37237F9BFCC7}.Release|Any CPU.ActiveCfg = Release|Any CPU
		{29537DBA-48B0-4502-A29A-37237F9BFCC7}.Release|Any CPU.Build.0 = Release|Any CPU
		{859C5EED-38D1-4DA3-920C-912BFCD0E208}.Debug|Any CPU.ActiveCfg = Debug|Any CPU
		{859C5EED-38D1-4DA3-920C-912BFCD0E208}.Debug|Any CPU.Build.0 = Debug|Any CPU
		{859C5EED-38D1-4DA3-920C-912BFCD0E208}.Release|Any CPU.ActiveCfg = Release|Any CPU
		{859C5EED-38D1-4DA3-920C-912BFCD0E208}.Release|Any CPU.Build.0 = Release|Any CPU
		{01CA8C56-68AC-462A-971B-9D812A6EBB0A}.Debug|Any CPU.ActiveCfg = Debug|Any CPU
		{01CA8C56-68AC-462A-971B-9D812A6EBB0A}.Debug|Any CPU.Build.0 = Debug|Any CPU
		{01CA8C56-68AC-462A-971B-9D812A6EBB0A}.Release|Any CPU.ActiveCfg = Release|Any CPU
		{01CA8C56-68AC-462A-971B-9D812A6EBB0A}.Release|Any CPU.Build.0 = Release|Any CPU
		{56FEBC65-9F60-4CD6-A013-AECE25E01261}.Debug|Any CPU.ActiveCfg = Debug|Any CPU
		{56FEBC65-9F60-4CD6-A013-AECE25E01261}.Debug|Any CPU.Build.0 = Debug|Any CPU
		{56FEBC65-9F60-4CD6-A013-AECE25E01261}.Release|Any CPU.ActiveCfg = Release|Any CPU
		{56FEBC65-9F60-4CD6-A013-AECE25E01261}.Release|Any CPU.Build.0 = Release|Any CPU
		{2981F212-1D26-4699-97F2-FB8F966F3FFB}.Debug|Any CPU.ActiveCfg = Debug|Any CPU
		{2981F212-1D26-4699-97F2-FB8F966F3FFB}.Debug|Any CPU.Build.0 = Debug|Any CPU
		{2981F212-1D26-4699-97F2-FB8F966F3FFB}.Release|Any CPU.ActiveCfg = Release|Any CPU
		{2981F212-1D26-4699-97F2-FB8F966F3FFB}.Release|Any CPU.Build.0 = Release|Any CPU
		{CC32FC18-430F-4612-9783-B070BA43E7B7}.Debug|Any CPU.ActiveCfg = Debug|Any CPU
		{CC32FC18-430F-4612-9783-B070BA43E7B7}.Debug|Any CPU.Build.0 = Debug|Any CPU
		{CC32FC18-430F-4612-9783-B070BA43E7B7}.Release|Any CPU.ActiveCfg = Release|Any CPU
		{CC32FC18-430F-4612-9783-B070BA43E7B7}.Release|Any CPU.Build.0 = Release|Any CPU
		{7456918C-8CDC-4DFE-A9C6-004A6288D2FE}.Debug|Any CPU.ActiveCfg = Debug|Any CPU
		{7456918C-8CDC-4DFE-A9C6-004A6288D2FE}.Debug|Any CPU.Build.0 = Debug|Any CPU
		{7456918C-8CDC-4DFE-A9C6-004A6288D2FE}.Release|Any CPU.ActiveCfg = Release|Any CPU
		{7456918C-8CDC-4DFE-A9C6-004A6288D2FE}.Release|Any CPU.Build.0 = Release|Any CPU
	EndGlobalSection
	GlobalSection(SolutionProperties) = preSolution
		HideSolutionNode = FALSE
	EndGlobalSection
	GlobalSection(NestedProjects) = preSolution
		{7456918C-8CDC-4DFE-A9C6-004A6288D2FE} = {50B57EA7-76E7-477E-B6B5-329A9BD2CA6F}
	EndGlobalSection
	GlobalSection(ExtensibilityGlobals) = postSolution
		SolutionGuid = {44F5EF2C-3CD3-4E81-986A-92DD46C32BA7}
	EndGlobalSection
EndGlobal
